PODS:
  - Alamofire (5.2.2)
  - UIScrollView-InfiniteScroll (1.1.0)

DEPENDENCIES:
  - Alamofire (~> 5.1)
  - UIScrollView-InfiniteScroll (~> 1.1.0)

SPEC REPOS:
  trunk:
    - Alamofire
    - UIScrollView-InfiniteScroll

SPEC CHECKSUMS:
  Alamofire: 814429acc853c6c54ff123fc3d2ef66803823ce0
  UIScrollView-InfiniteScroll: 3ef456bcbe759c19f510a383cff96e6647c98c98

PODFILE CHECKSUM: cf96d42c901a1eaef2a27b18c7a53b90ace826d7

COCOAPODS: 1.9.3
